
Microsoft Visual Studio Solution File, Format Version 12.00
# Visual Studio 15
VisualStudioVersion = 15.0.28010.2046
MinimumVisualStudioVersion = 10.0.40219.1
Project("{9A19103F-16F7-4668-BE54-9A1E7A4F7556}") = "Alphabet", "Alphabet\Alphabet.csproj", "{D4FCDB12-FF57-435D-A3FA-2E2D15B84ADC}"
EndProject
Project("{9A19103F-16F7-4668-BE54-9A1E7A4F7556}") = "CSV2DataTable", "CSV2DataTable\CSV2DataTable.csproj", "{9E7AF6FD-3D11-405E-86C5-8BD829FD1A91}"
EndProject
Global
	GlobalSection(SolutionConfigurationPlatforms) = preSolution
		Debug|Any CPU = Debug|Any CPU
		Release|Any CPU = Release|Any CPU
	EndGlobalSection
	GlobalSection(ProjectConfigurationPlatforms) = postSolution
		{D4FCDB12-FF57-435D-A3FA-2E2D15B84ADC}.Debug|Any CPU.ActiveCfg = Debug|Any CPU
		{D4FCDB12-FF57-435D-A3FA-2E2D15B84ADC}.Debug|Any CPU.Build.0 = Debug|Any CPU
		{D4FCDB12-FF57-435D-A3FA-2E2D15B84ADC}.Release|Any CPU.ActiveCfg = Release|Any CPU
		{D4FCDB12-FF57-435D-A3FA-2E2D15B84ADC}.Release|Any CPU.Build.0 = Release|Any CPU
		{9E7AF6FD-3D11-405E-86C5-8BD829FD1A91}.Debug|Any CPU.ActiveCfg = Debug|Any CPU
		{9E7AF6FD-3D11-405E-86C5-8BD829FD1A91}.Debug|Any CPU.Build.0 = Debug|Any CPU
		{9E7AF6FD-3D11-405E-86C5-8BD829FD1A91}.Release|Any CPU.ActiveCfg = Release|Any CPU
		{9E7AF6FD-3D11-405E-86C5-8BD829FD1A91}.Release|Any CPU.Build.0 = Release|Any CPU
	EndGlobalSection
	GlobalSection(SolutionProperties) = preSolution
		HideSolutionNode = FALSE
	EndGlobalSection
	GlobalSection(ExtensibilityGlobals) = postSolution
		SolutionGuid = {B29AF176-27D9-4D62-8188-3598A4BCDB5E}
	EndGlobalSection
EndGlobal
